
Microsoft Visual Studio Solution File, Format Version 12.00
# Visual Studio 2017
Project("{FAE04EC0-301F-11D3-BF4B-00C04F79EFBC}") = "SUPER Visor", "SUPER Visor.csproj", "{77B5BD0E-1C65-8166-2007-16E2FB8FEC57}"
EndProject
Project("{FAE04EC0-301F-11D3-BF4B-00C04F79EFBC}") = "Unity.PackageManagerUI.Editor", "Unity.PackageManagerUI.Editor.csproj", "{6877705C-FBD9-0C4F-5AFB-6FB431E5D39D}"
EndProject
Project("{FAE04EC0-301F-11D3-BF4B-00C04F79EFBC}") = "SUPER Visor.Editor", "SUPER Visor.Editor.csproj", "{60A0A4B3-47FE-8075-2B13-4AF6EC0CD428}"
EndProject
Project("{FAE04EC0-301F-11D3-BF4B-00C04F79EFBC}") = "UnityEditor.StandardEvents", "UnityEditor.StandardEvents.csproj", "{6800202F-4402-D405-F8CB-03DC7BD78B92}"
EndProject
Global
	GlobalSection(SolutionConfigurationPlatforms) = preSolution
		Debug|Any CPU = Debug|Any CPU
		Release|Any CPU = Release|Any CPU
	EndGlobalSection
	GlobalSection(ProjectConfigurationPlatforms) = postSolution
		{77B5BD0E-1C65-8166-2007-16E2FB8FEC57}.Debug|Any CPU.ActiveCfg = Debug|Any CPU
		{77B5BD0E-1C65-8166-2007-16E2FB8FEC57}.Debug|Any CPU.Build.0 = Debug|Any CPU
		{77B5BD0E-1C65-8166-2007-16E2FB8FEC57}.Release|Any CPU.ActiveCfg = Release|Any CPU
		{77B5BD0E-1C65-8166-2007-16E2FB8FEC57}.Release|Any CPU.Build.0 = Release|Any CPU
		{6877705C-FBD9-0C4F-5AFB-6FB431E5D39D}.Debug|Any CPU.ActiveCfg = Debug|Any CPU
		{6877705C-FBD9-0C4F-5AFB-6FB431E5D39D}.Debug|Any CPU.Build.0 = Debug|Any CPU
		{6877705C-FBD9-0C4F-5AFB-6FB431E5D39D}.Release|Any CPU.ActiveCfg = Release|Any CPU
		{6877705C-FBD9-0C4F-5AFB-6FB431E5D39D}.Release|Any CPU.Build.0 = Release|Any CPU
		{60A0A4B3-47FE-8075-2B13-4AF6EC0CD428}.Debug|Any CPU.ActiveCfg = Debug|Any CPU
		{60A0A4B3-47FE-8075-2B13-4AF6EC0CD428}.Debug|Any CPU.Build.0 = Debug|Any CPU
		{60A0A4B3-47FE-8075-2B13-4AF6EC0CD428}.Release|Any CPU.ActiveCfg = Release|Any CPU
		{60A0A4B3-47FE-8075-2B13-4AF6EC0CD428}.Release|Any CPU.Build.0 = Release|Any CPU
		{6800202F-4402-D405-F8CB-03DC7BD78B92}.Debug|Any CPU.ActiveCfg = Debug|Any CPU
		{6800202F-4402-D405-F8CB-03DC7BD78B92}.Debug|Any CPU.Build.0 = Debug|Any CPU
		{6800202F-4402-D405-F8CB-03DC7BD78B92}.Release|Any CPU.ActiveCfg = Release|Any CPU
		{6800202F-4402-D405-F8CB-03DC7BD78B92}.Release|Any CPU.Build.0 = Release|Any CPU
	EndGlobalSection
	GlobalSection(SolutionProperties) = preSolution
		HideSolutionNode = FALSE
	EndGlobalSection
EndGlobal
